
Microsoft Visual Studio Solution File, Format Version 12.00
# Visual Studio Version 17
VisualStudioVersion = 17.5.002.0
MinimumVisualStudioVersion = 10.0.40219.1
Project("{9A19103F-16F7-4668-BE54-9A1E7A4F7556}") = "Taxi_App", "Taxi_App.csproj", "{90618A1D-4AF5-4974-89B9-3706DFB2BE25}"
EndProject
Global
	GlobalSection(SolutionConfigurationPlatforms) = preSolution
		Debug|Any CPU = Debug|Any CPU
		Release|Any CPU = Release|Any CPU
	EndGlobalSection
	GlobalSection(ProjectConfigurationPlatforms) = postSolution
		{90618A1D-4AF5-4974-89B9-3706DFB2BE25}.Debug|Any CPU.ActiveCfg = Debug|Any CPU
		{90618A1D-4AF5-4974-89B9-3706DFB2BE25}.Debug|Any CPU.Build.0 = Debug|Any CPU
		{90618A1D-4AF5-4974-89B9-3706DFB2BE25}.Release|Any CPU.ActiveCfg = Release|Any CPU
		{90618A1D-4AF5-4974-89B9-3706DFB2BE25}.Release|Any CPU.Build.0 = Release|Any CPU
	EndGlobalSection
	GlobalSection(SolutionProperties) = preSolution
		HideSolutionNode = FALSE
	EndGlobalSection
	GlobalSection(ExtensibilityGlobals) = postSolution
		SolutionGuid = {27ED8DF5-ABF6-47F2-B7A0-94376D6370CC}
	EndGlobalSection
EndGlobal
